
Microsoft Visual Studio Solution File, Format Version 12.00
Project("{FAE04EC0-301F-11D3-BF4B-00C04F79EFBC}") = "Lagrange.Core", "Lagrange.Core\Lagrange.Core.csproj", "{DEC7490B-BAF9-43D7-99D2-195804C2CB70}"
EndProject
Project("{FAE04EC0-301F-11D3-BF4B-00C04F79EFBC}") = "Lagrange.Core.Test", "Lagrange.Core.Test\Lagrange.Core.Test.csproj", "{11E31EFF-0EB8-40B3-AED7-3B262A004F8A}"
EndProject
Project("{FAE04EC0-301F-11D3-BF4B-00C04F79EFBC}") = "Lagrange.Codec", "Lagrange.Codec\Lagrange.Codec.csproj", "{3AB8C869-44DC-4F71-BA1F-50C19F124A1A}"
EndProject
Project("{FAE04EC0-301F-11D3-BF4B-00C04F79EFBC}") = "Lagrange.Core.Runner", "Lagrange.Core.Runner\Lagrange.Core.Runner.csproj", "{CEB9D300-9337-420E-B2BD-772399D84051}"
EndProject
Project("{FAE04EC0-301F-11D3-BF4B-00C04F79EFBC}") = "Lagrange.Proto", "Lagrange.Proto\Lagrange.Proto.csproj", "{96BB1FF1-C86E-4A2E-ACC6-43987257096A}"
EndProject
Project("{FAE04EC0-301F-11D3-BF4B-00C04F79EFBC}") = "Lagrange.Proto.Generator", "Lagrange.Proto.Generator\Lagrange.Proto.Generator.csproj", "{6006DBD1-B1E2-46E4-95CF-C9156D55BBAB}"
EndProject
Project("{2150E333-8FDC-42A3-9474-1A3956D46DE8}") = "Proto", "Proto", "{BDEA5EF0-36C8-40E5-83A0-BFF8D6AF044A}"
EndProject
Project("{2150E333-8FDC-42A3-9474-1A3956D46DE8}") = "Core", "Core", "{798B7680-2395-477D-9333-64653FCBB176}"
EndProject
Project("{FAE04EC0-301F-11D3-BF4B-00C04F79EFBC}") = "Lagrange.Proto.Runner", "Lagrange.Proto.Runner\Lagrange.Proto.Runner.csproj", "{D8B893D8-44B1-47E8-8513-9E3E1F9FD391}"
EndProject
Project("{2150E333-8FDC-42A3-9474-1A3956D46DE8}") = "Solution Items", "Solution Items", "{3C682B4B-3C8D-4D4A-AF0D-8E188D421605}"
	ProjectSection(SolutionItems) = preProject
		README.md = README.md
		Proto.md = Proto.md
	EndProjectSection
EndProject
Project("{FAE04EC0-301F-11D3-BF4B-00C04F79EFBC}") = "Lagrange.Proto.Test", "Lagrange.Proto.Test\Lagrange.Proto.Test.csproj", "{68CE6B62-AE63-4A25-AA40-779FD38C58A4}"
EndProject
Project("{FAE04EC0-301F-11D3-BF4B-00C04F79EFBC}") = "Lagrange.Proto.Benchmark", "Lagrange.Proto.Benchmark\Lagrange.Proto.Benchmark.csproj", "{894995B5-A3B5-444C-BCB7-9E399F96095B}"
EndProject
Project("{FAE04EC0-301F-11D3-BF4B-00C04F79EFBC}") = "Lagrange.Proto.CodeGen", "Lagrange.Proto.CodeGen\Lagrange.Proto.CodeGen.csproj", "{78975027-DFDB-4633-A6E9-5EF3E151E3E2}"
EndProject
Project("{FAE04EC0-301F-11D3-BF4B-00C04F79EFBC}") = "Lagrange.Core.NativeAPI", "Lagrange.Core.NativeAPI\Lagrange.Core.NativeAPI.csproj", "{BEFCC007-05A4-43E0-AE38-27355C5B1A36}"
EndProject
Project("{FAE04EC0-301F-11D3-BF4B-00C04F79EFBC}") = "Lagrange.Core.NativeAPI.Test", "Lagrange.Core.NativeAPI.Test\Lagrange.Core.NativeAPI.Test.csproj", "{FBBBEEFF-FC9F-4CFA-80B3-683294316BE1}"
EndProject
Project("{2150E333-8FDC-42A3-9474-1A3956D46DE8}") = "Protocols.Milky", "Protocols.Milky", "{D668A582-E3D1-533C-5DC9-FE8830E62DEA}"
EndProject
Project("{FAE04EC0-301F-11D3-BF4B-00C04F79EFBC}") = "Lagrange.Milky", "Lagrange.Milky\Lagrange.Milky.csproj", "{EDDB2AB3-FD41-457B-A6CD-48D4BEB08E50}"
EndProject
Project("{FAE04EC0-301F-11D3-BF4B-00C04F79EFBC}") = "Lagrange.Milky.ApiHandler.Generator", "Lagrange.Milky.ApiHandler.Generator\Lagrange.Milky.ApiHandler.Generator.csproj", "{ADDA712C-8BB1-4C3C-8EA2-A380C17DF77A}"
EndProject
Global
	GlobalSection(SolutionConfigurationPlatforms) = preSolution
		Debug|Any CPU = Debug|Any CPU
		Debug|x64 = Debug|x64
		Debug|x86 = Debug|x86
		Release|Any CPU = Release|Any CPU
		Release|x64 = Release|x64
		Release|x86 = Release|x86
	EndGlobalSection
	GlobalSection(ProjectConfigurationPlatforms) = postSolution
		{DEC7490B-BAF9-43D7-99D2-195804C2CB70}.Debug|Any CPU.ActiveCfg = Debug|Any CPU
		{DEC7490B-BAF9-43D7-99D2-195804C2CB70}.Debug|Any CPU.Build.0 = Debug|Any CPU
		{DEC7490B-BAF9-43D7-99D2-195804C2CB70}.Debug|x64.ActiveCfg = Debug|Any CPU
		{DEC7490B-BAF9-43D7-99D2-195804C2CB70}.Debug|x64.Build.0 = Debug|Any CPU
		{DEC7490B-BAF9-43D7-99D2-195804C2CB70}.Debug|x86.ActiveCfg = Debug|Any CPU
		{DEC7490B-BAF9-43D7-99D2-195804C2CB70}.Debug|x86.Build.0 = Debug|Any CPU
		{DEC7490B-BAF9-43D7-99D2-195804C2CB70}.Release|Any CPU.ActiveCfg = Release|Any CPU
		{DEC7490B-BAF9-43D7-99D2-195804C2CB70}.Release|Any CPU.Build.0 = Release|Any CPU
		{DEC7490B-BAF9-43D7-99D2-195804C2CB70}.Release|x64.ActiveCfg = Release|Any CPU
		{DEC7490B-BAF9-43D7-99D2-195804C2CB70}.Release|x64.Build.0 = Release|Any CPU
		{DEC7490B-BAF9-43D7-99D2-195804C2CB70}.Release|x86.ActiveCfg = Release|Any CPU
		{DEC7490B-BAF9-43D7-99D2-195804C2CB70}.Release|x86.Build.0 = Release|Any CPU
		{11E31EFF-0EB8-40B3-AED7-3B262A004F8A}.Debug|Any CPU.ActiveCfg = Debug|Any CPU
		{11E31EFF-0EB8-40B3-AED7-3B262A004F8A}.Debug|Any CPU.Build.0 = Debug|Any CPU
		{11E31EFF-0EB8-40B3-AED7-3B262A004F8A}.Debug|x64.ActiveCfg = Debug|Any CPU
		{11E31EFF-0EB8-40B3-AED7-3B262A004F8A}.Debug|x64.Build.0 = Debug|Any CPU
		{11E31EFF-0EB8-40B3-AED7-3B262A004F8A}.Debug|x86.ActiveCfg = Debug|Any CPU
		{11E31EFF-0EB8-40B3-AED7-3B262A004F8A}.Debug|x86.Build.0 = Debug|Any CPU
		{11E31EFF-0EB8-40B3-AED7-3B262A004F8A}.Release|Any CPU.ActiveCfg = Release|Any CPU
		{11E31EFF-0EB8-40B3-AED7-3B262A004F8A}.Release|Any CPU.Build.0 = Release|Any CPU
		{11E31EFF-0EB8-40B3-AED7-3B262A004F8A}.Release|x64.ActiveCfg = Release|Any CPU
		{11E31EFF-0EB8-40B3-AED7-3B262A004F8A}.Release|x64.Build.0 = Release|Any CPU
		{11E31EFF-0EB8-40B3-AED7-3B262A004F8A}.Release|x86.ActiveCfg = Release|Any CPU
		{11E31EFF-0EB8-40B3-AED7-3B262A004F8A}.Release|x86.Build.0 = Release|Any CPU
		{3AB8C869-44DC-4F71-BA1F-50C19F124A1A}.Debug|Any CPU.ActiveCfg = Debug|Any CPU
		{3AB8C869-44DC-4F71-BA1F-50C19F124A1A}.Debug|Any CPU.Build.0 = Debug|Any CPU
		{3AB8C869-44DC-4F71-BA1F-50C19F124A1A}.Debug|x64.ActiveCfg = Debug|Any CPU
		{3AB8C869-44DC-4F71-BA1F-50C19F124A1A}.Debug|x64.Build.0 = Debug|Any CPU
		{3AB8C869-44DC-4F71-BA1F-50C19F124A1A}.Debug|x86.ActiveCfg = Debug|Any CPU
		{3AB8C869-44DC-4F71-BA1F-50C19F124A1A}.Debug|x86.Build.0 = Debug|Any CPU
		{3AB8C869-44DC-4F71-BA1F-50C19F124A1A}.Release|Any CPU.ActiveCfg = Release|Any CPU
		{3AB8C869-44DC-4F71-BA1F-50C19F124A1A}.Release|Any CPU.Build.0 = Release|Any CPU
		{3AB8C869-44DC-4F71-BA1F-50C19F124A1A}.Release|x64.ActiveCfg = Release|Any CPU
		{3AB8C869-44DC-4F71-BA1F-50C19F124A1A}.Release|x64.Build.0 = Release|Any CPU
		{3AB8C869-44DC-4F71-BA1F-50C19F124A1A}.Release|x86.ActiveCfg = Release|Any CPU
		{3AB8C869-44DC-4F71-BA1F-50C19F124A1A}.Release|x86.Build.0 = Release|Any CPU
		{CEB9D300-9337-420E-B2BD-772399D84051}.Debug|Any CPU.ActiveCfg = Debug|Any CPU
		{CEB9D300-9337-420E-B2BD-772399D84051}.Debug|Any CPU.Build.0 = Debug|Any CPU
		{CEB9D300-9337-420E-B2BD-772399D84051}.Debug|x64.ActiveCfg = Debug|Any CPU
		{CEB9D300-9337-420E-B2BD-772399D84051}.Debug|x64.Build.0 = Debug|Any CPU
		{CEB9D300-9337-420E-B2BD-772399D84051}.Debug|x86.ActiveCfg = Debug|Any CPU
		{CEB9D300-9337-420E-B2BD-772399D84051}.Debug|x86.Build.0 = Debug|Any CPU
		{CEB9D300-9337-420E-B2BD-772399D84051}.Release|Any CPU.ActiveCfg = Release|Any CPU
		{CEB9D300-9337-420E-B2BD-772399D84051}.Release|Any CPU.Build.0 = Release|Any CPU
		{CEB9D300-9337-420E-B2BD-772399D84051}.Release|x64.ActiveCfg = Release|Any CPU
		{CEB9D300-9337-420E-B2BD-772399D84051}.Release|x64.Build.0 = Release|Any CPU
		{CEB9D300-9337-420E-B2BD-772399D84051}.Release|x86.ActiveCfg = Release|Any CPU
		{CEB9D300-9337-420E-B2BD-772399D84051}.Release|x86.Build.0 = Release|Any CPU
		{96BB1FF1-C86E-4A2E-ACC6-43987257096A}.Debug|Any CPU.ActiveCfg = Debug|Any CPU
		{96BB1FF1-C86E-4A2E-ACC6-43987257096A}.Debug|Any CPU.Build.0 = Debug|Any CPU
		{96BB1FF1-C86E-4A2E-ACC6-43987257096A}.Debug|x64.ActiveCfg = Debug|Any CPU
		{96BB1FF1-C86E-4A2E-ACC6-43987257096A}.Debug|x64.Build.0 = Debug|Any CPU
		{96BB1FF1-C86E-4A2E-ACC6-43987257096A}.Debug|x86.ActiveCfg = Debug|Any CPU
		{96BB1FF1-C86E-4A2E-ACC6-43987257096A}.Debug|x86.Build.0 = Debug|Any CPU
		{96BB1FF1-C86E-4A2E-ACC6-43987257096A}.Release|Any CPU.ActiveCfg = Release|Any CPU
		{96BB1FF1-C86E-4A2E-ACC6-43987257096A}.Release|Any CPU.Build.0 = Release|Any CPU
		{96BB1FF1-C86E-4A2E-ACC6-43987257096A}.Release|x64.ActiveCfg = Release|Any CPU
		{96BB1FF1-C86E-4A2E-ACC6-43987257096A}.Release|x64.Build.0 = Release|Any CPU
		{96BB1FF1-C86E-4A2E-ACC6-43987257096A}.Release|x86.ActiveCfg = Release|Any CPU
		{96BB1FF1-C86E-4A2E-ACC6-43987257096A}.Release|x86.Build.0 = Release|Any CPU
		{6006DBD1-B1E2-46E4-95CF-C9156D55BBAB}.Debug|Any CPU.ActiveCfg = Debug|Any CPU
		{6006DBD1-B1E2-46E4-95CF-C9156D55BBAB}.Debug|Any CPU.Build.0 = Debug|Any CPU
		{6006DBD1-B1E2-46E4-95CF-C9156D55BBAB}.Debug|x64.ActiveCfg = Debug|Any CPU
		{6006DBD1-B1E2-46E4-95CF-C9156D55BBAB}.Debug|x64.Build.0 = Debug|Any CPU
		{6006DBD1-B1E2-46E4-95CF-C9156D55BBAB}.Debug|x86.ActiveCfg = Debug|Any CPU
		{6006DBD1-B1E2-46E4-95CF-C9156D55BBAB}.Debug|x86.Build.0 = Debug|Any CPU
		{6006DBD1-B1E2-46E4-95CF-C9156D55BBAB}.Release|Any CPU.ActiveCfg = Release|Any CPU
		{6006DBD1-B1E2-46E4-95CF-C9156D55BBAB}.Release|Any CPU.Build.0 = Release|Any CPU
		{6006DBD1-B1E2-46E4-95CF-C9156D55BBAB}.Release|x64.ActiveCfg = Release|Any CPU
		{6006DBD1-B1E2-46E4-95CF-C9156D55BBAB}.Release|x64.Build.0 = Release|Any CPU
		{6006DBD1-B1E2-46E4-95CF-C9156D55BBAB}.Release|x86.ActiveCfg = Release|Any CPU
		{6006DBD1-B1E2-46E4-95CF-C9156D55BBAB}.Release|x86.Build.0 = Release|Any CPU
		{D8B893D8-44B1-47E8-8513-9E3E1F9FD391}.Debug|Any CPU.ActiveCfg = Debug|Any CPU
		{D8B893D8-44B1-47E8-8513-9E3E1F9FD391}.Debug|Any CPU.Build.0 = Debug|Any CPU
		{D8B893D8-44B1-47E8-8513-9E3E1F9FD391}.Debug|x64.ActiveCfg = Debug|Any CPU
		{D8B893D8-44B1-47E8-8513-9E3E1F9FD391}.Debug|x64.Build.0 = Debug|Any CPU
		{D8B893D8-44B1-47E8-8513-9E3E1F9FD391}.Debug|x86.ActiveCfg = Debug|Any CPU
		{D8B893D8-44B1-47E8-8513-9E3E1F9FD391}.Debug|x86.Build.0 = Debug|Any CPU
		{D8B893D8-44B1-47E8-8513-9E3E1F9FD391}.Release|Any CPU.ActiveCfg = Release|Any CPU
		{D8B893D8-44B1-47E8-8513-9E3E1F9FD391}.Release|Any CPU.Build.0 = Release|Any CPU
		{D8B893D8-44B1-47E8-8513-9E3E1F9FD391}.Release|x64.ActiveCfg = Release|Any CPU
		{D8B893D8-44B1-47E8-8513-9E3E1F9FD391}.Release|x64.Build.0 = Release|Any CPU
		{D8B893D8-44B1-47E8-8513-9E3E1F9FD391}.Release|x86.ActiveCfg = Release|Any CPU
		{D8B893D8-44B1-47E8-8513-9E3E1F9FD391}.Release|x86.Build.0 = Release|Any CPU
		{68CE6B62-AE63-4A25-AA40-779FD38C58A4}.Debug|Any CPU.ActiveCfg = Debug|Any CPU
		{68CE6B62-AE63-4A25-AA40-779FD38C58A4}.Debug|Any CPU.Build.0 = Debug|Any CPU
		{68CE6B62-AE63-4A25-AA40-779FD38C58A4}.Debug|x64.ActiveCfg = Debug|Any CPU
		{68CE6B62-AE63-4A25-AA40-779FD38C58A4}.Debug|x64.Build.0 = Debug|Any CPU
		{68CE6B62-AE63-4A25-AA40-779FD38C58A4}.Debug|x86.ActiveCfg = Debug|Any CPU
		{68CE6B62-AE63-4A25-AA40-779FD38C58A4}.Debug|x86.Build.0 = Debug|Any CPU
		{68CE6B62-AE63-4A25-AA40-779FD38C58A4}.Release|Any CPU.ActiveCfg = Release|Any CPU
		{68CE6B62-AE63-4A25-AA40-779FD38C58A4}.Release|Any CPU.Build.0 = Release|Any CPU
		{68CE6B62-AE63-4A25-AA40-779FD38C58A4}.Release|x64.ActiveCfg = Release|Any CPU
		{68CE6B62-AE63-4A25-AA40-779FD38C58A4}.Release|x64.Build.0 = Release|Any CPU
		{68CE6B62-AE63-4A25-AA40-779FD38C58A4}.Release|x86.ActiveCfg = Release|Any CPU
		{68CE6B62-AE63-4A25-AA40-779FD38C58A4}.Release|x86.Build.0 = Release|Any CPU
		{894995B5-A3B5-444C-BCB7-9E399F96095B}.Debug|Any CPU.ActiveCfg = Debug|Any CPU
		{894995B5-A3B5-444C-BCB7-9E399F96095B}.Debug|Any CPU.Build.0 = Debug|Any CPU
		{894995B5-A3B5-444C-BCB7-9E399F96095B}.Debug|x64.ActiveCfg = Debug|Any CPU
		{894995B5-A3B5-444C-BCB7-9E399F96095B}.Debug|x64.Build.0 = Debug|Any CPU
		{894995B5-A3B5-444C-BCB7-9E399F96095B}.Debug|x86.ActiveCfg = Debug|Any CPU
		{894995B5-A3B5-444C-BCB7-9E399F96095B}.Debug|x86.Build.0 = Debug|Any CPU
		{894995B5-A3B5-444C-BCB7-9E399F96095B}.Release|Any CPU.ActiveCfg = Release|Any CPU
		{894995B5-A3B5-444C-BCB7-9E399F96095B}.Release|Any CPU.Build.0 = Release|Any CPU
		{894995B5-A3B5-444C-BCB7-9E399F96095B}.Release|x64.ActiveCfg = Release|Any CPU
		{894995B5-A3B5-444C-BCB7-9E399F96095B}.Release|x64.Build.0 = Release|Any CPU
		{894995B5-A3B5-444C-BCB7-9E399F96095B}.Release|x86.ActiveCfg = Release|Any CPU
		{894995B5-A3B5-444C-BCB7-9E399F96095B}.Release|x86.Build.0 = Release|Any CPU
		{78975027-DFDB-4633-A6E9-5EF3E151E3E2}.Debug|Any CPU.ActiveCfg = Debug|Any CPU
		{78975027-DFDB-4633-A6E9-5EF3E151E3E2}.Debug|Any CPU.Build.0 = Debug|Any CPU
		{78975027-DFDB-4633-A6E9-5EF3E151E3E2}.Debug|x64.ActiveCfg = Debug|Any CPU
		{78975027-DFDB-4633-A6E9-5EF3E151E3E2}.Debug|x64.Build.0 = Debug|Any CPU
		{78975027-DFDB-4633-A6E9-5EF3E151E3E2}.Debug|x86.ActiveCfg = Debug|Any CPU
		{78975027-DFDB-4633-A6E9-5EF3E151E3E2}.Debug|x86.Build.0 = Debug|Any CPU
		{78975027-DFDB-4633-A6E9-5EF3E151E3E2}.Release|Any CPU.ActiveCfg = Release|Any CPU
		{78975027-DFDB-4633-A6E9-5EF3E151E3E2}.Release|Any CPU.Build.0 = Release|Any CPU
		{78975027-DFDB-4633-A6E9-5EF3E151E3E2}.Release|x64.ActiveCfg = Release|Any CPU
		{78975027-DFDB-4633-A6E9-5EF3E151E3E2}.Release|x64.Build.0 = Release|Any CPU
		{78975027-DFDB-4633-A6E9-5EF3E151E3E2}.Release|x86.ActiveCfg = Release|Any CPU
		{78975027-DFDB-4633-A6E9-5EF3E151E3E2}.Release|x86.Build.0 = Release|Any CPU
		{BEFCC007-05A4-43E0-AE38-27355C5B1A36}.Debug|Any CPU.ActiveCfg = Debug|Any CPU
		{BEFCC007-05A4-43E0-AE38-27355C5B1A36}.Debug|Any CPU.Build.0 = Debug|Any CPU
		{BEFCC007-05A4-43E0-AE38-27355C5B1A36}.Debug|x64.ActiveCfg = Debug|Any CPU
		{BEFCC007-05A4-43E0-AE38-27355C5B1A36}.Debug|x64.Build.0 = Debug|Any CPU
		{BEFCC007-05A4-43E0-AE38-27355C5B1A36}.Debug|x86.ActiveCfg = Debug|Any CPU
		{BEFCC007-05A4-43E0-AE38-27355C5B1A36}.Debug|x86.Build.0 = Debug|Any CPU
		{BEFCC007-05A4-43E0-AE38-27355C5B1A36}.Release|Any CPU.ActiveCfg = Release|Any CPU
		{BEFCC007-05A4-43E0-AE38-27355C5B1A36}.Release|Any CPU.Build.0 = Release|Any CPU
		{BEFCC007-05A4-43E0-AE38-27355C5B1A36}.Release|x64.ActiveCfg = Release|Any CPU
		{BEFCC007-05A4-43E0-AE38-27355C5B1A36}.Release|x64.Build.0 = Release|Any CPU
		{BEFCC007-05A4-43E0-AE38-27355C5B1A36}.Release|x86.ActiveCfg = Release|Any CPU
		{BEFCC007-05A4-43E0-AE38-27355C5B1A36}.Release|x86.Build.0 = Release|Any CPU
		{FBBBEEFF-FC9F-4CFA-80B3-683294316BE1}.Debug|Any CPU.ActiveCfg = Debug|Any CPU
		{FBBBEEFF-FC9F-4CFA-80B3-683294316BE1}.Debug|Any CPU.Build.0 = Debug|Any CPU
		{FBBBEEFF-FC9F-4CFA-80B3-683294316BE1}.Debug|x64.ActiveCfg = Debug|Any CPU
		{FBBBEEFF-FC9F-4CFA-80B3-683294316BE1}.Debug|x64.Build.0 = Debug|Any CPU
		{FBBBEEFF-FC9F-4CFA-80B3-683294316BE1}.Debug|x86.ActiveCfg = Debug|Any CPU
		{FBBBEEFF-FC9F-4CFA-80B3-683294316BE1}.Debug|x86.Build.0 = Debug|Any CPU
		{FBBBEEFF-FC9F-4CFA-80B3-683294316BE1}.Release|Any CPU.ActiveCfg = Release|Any CPU
		{FBBBEEFF-FC9F-4CFA-80B3-683294316BE1}.Release|Any CPU.Build.0 = Release|Any CPU
		{FBBBEEFF-FC9F-4CFA-80B3-683294316BE1}.Release|x64.ActiveCfg = Release|Any CPU
		{FBBBEEFF-FC9F-4CFA-80B3-683294316BE1}.Release|x64.Build.0 = Release|Any CPU
		{FBBBEEFF-FC9F-4CFA-80B3-683294316BE1}.Release|x86.ActiveCfg = Release|Any CPU
		{FBBBEEFF-FC9F-4CFA-80B3-683294316BE1}.Release|x86.Build.0 = Release|Any CPU
		{EDDB2AB3-FD41-457B-A6CD-48D4BEB08E50}.Debug|Any CPU.ActiveCfg = Debug|Any CPU
		{EDDB2AB3-FD41-457B-A6CD-48D4BEB08E50}.Debug|Any CPU.Build.0 = Debug|Any CPU
		{EDDB2AB3-FD41-457B-A6CD-48D4BEB08E50}.Debug|x64.ActiveCfg = Debug|Any CPU
		{EDDB2AB3-FD41-457B-A6CD-48D4BEB08E50}.Debug|x64.Build.0 = Debug|Any CPU
		{EDDB2AB3-FD41-457B-A6CD-48D4BEB08E50}.Debug|x86.ActiveCfg = Debug|Any CPU
		{EDDB2AB3-FD41-457B-A6CD-48D4BEB08E50}.Debug|x86.Build.0 = Debug|Any CPU
		{EDDB2AB3-FD41-457B-A6CD-48D4BEB08E50}.Release|Any CPU.ActiveCfg = Release|Any CPU
		{EDDB2AB3-FD41-457B-A6CD-48D4BEB08E50}.Release|Any CPU.Build.0 = Release|Any CPU
		{EDDB2AB3-FD41-457B-A6CD-48D4BEB08E50}.Release|x64.ActiveCfg = Release|Any CPU
		{EDDB2AB3-FD41-457B-A6CD-48D4BEB08E50}.Release|x64.Build.0 = Release|Any CPU
		{EDDB2AB3-FD41-457B-A6CD-48D4BEB08E50}.Release|x86.ActiveCfg = Release|Any CPU
		{EDDB2AB3-FD41-457B-A6CD-48D4BEB08E50}.Release|x86.Build.0 = Release|Any CPU
		{ADDA712C-8BB1-4C3C-8EA2-A380C17DF77A}.Debug|Any CPU.ActiveCfg = Debug|Any CPU
		{ADDA712C-8BB1-4C3C-8EA2-A380C17DF77A}.Debug|Any CPU.Build.0 = Debug|Any CPU
		{ADDA712C-8BB1-4C3C-8EA2-A380C17DF77A}.Debug|x64.ActiveCfg = Debug|Any CPU
		{ADDA712C-8BB1-4C3C-8EA2-A380C17DF77A}.Debug|x64.Build.0 = Debug|Any CPU
		{ADDA712C-8BB1-4C3C-8EA2-A380C17DF77A}.Debug|x86.ActiveCfg = Debug|Any CPU
		{ADDA712C-8BB1-4C3C-8EA2-A380C17DF77A}.Debug|x86.Build.0 = Debug|Any CPU
		{ADDA712C-8BB1-4C3C-8EA2-A380C17DF77A}.Release|Any CPU.ActiveCfg = Release|Any CPU
		{ADDA712C-8BB1-4C3C-8EA2-A380C17DF77A}.Release|Any CPU.Build.0 = Release|Any CPU
		{ADDA712C-8BB1-4C3C-8EA2-A380C17DF77A}.Release|x64.ActiveCfg = Release|Any CPU
		{ADDA712C-8BB1-4C3C-8EA2-A380C17DF77A}.Release|x64.Build.0 = Release|Any CPU
		{ADDA712C-8BB1-4C3C-8EA2-A380C17DF77A}.Release|x86.ActiveCfg = Release|Any CPU
		{ADDA712C-8BB1-4C3C-8EA2-A380C17DF77A}.Release|x86.Build.0 = Release|Any CPU
	EndGlobalSection
	GlobalSection(SolutionProperties) = preSolution
		HideSolutionNode = FALSE
	EndGlobalSection
	GlobalSection(NestedProjects) = preSolution
		{DEC7490B-BAF9-43D7-99D2-195804C2CB70} = {798B7680-2395-477D-9333-64653FCBB176}
		{11E31EFF-0EB8-40B3-AED7-3B262A004F8A} = {798B7680-2395-477D-9333-64653FCBB176}
		{CEB9D300-9337-420E-B2BD-772399D84051} = {798B7680-2395-477D-9333-64653FCBB176}
		{96BB1FF1-C86E-4A2E-ACC6-43987257096A} = {BDEA5EF0-36C8-40E5-83A0-BFF8D6AF044A}
		{6006DBD1-B1E2-46E4-95CF-C9156D55BBAB} = {BDEA5EF0-36C8-40E5-83A0-BFF8D6AF044A}
		{D8B893D8-44B1-47E8-8513-9E3E1F9FD391} = {BDEA5EF0-36C8-40E5-83A0-BFF8D6AF044A}
		{68CE6B62-AE63-4A25-AA40-779FD38C58A4} = {BDEA5EF0-36C8-40E5-83A0-BFF8D6AF044A}
		{894995B5-A3B5-444C-BCB7-9E399F96095B} = {BDEA5EF0-36C8-40E5-83A0-BFF8D6AF044A}
		{78975027-DFDB-4633-A6E9-5EF3E151E3E2} = {BDEA5EF0-36C8-40E5-83A0-BFF8D6AF044A}
		{BEFCC007-05A4-43E0-AE38-27355C5B1A36} = {798B7680-2395-477D-9333-64653FCBB176}
		{FBBBEEFF-FC9F-4CFA-80B3-683294316BE1} = {798B7680-2395-477D-9333-64653FCBB176}
		{EDDB2AB3-FD41-457B-A6CD-48D4BEB08E50} = {D668A582-E3D1-533C-5DC9-FE8830E62DEA}
		{ADDA712C-8BB1-4C3C-8EA2-A380C17DF77A} = {D668A582-E3D1-533C-5DC9-FE8830E62DEA}
	EndGlobalSection
EndGlobal
